
Microsoft Visual Studio Solution File, Format Version 12.00
# Visual Studio Version 17
VisualStudioVersion = 17.11.35219.272
MinimumVisualStudioVersion = 10.0.40219.1
Project("{FAE04EC0-301F-11D3-BF4B-00C04F79EFBC}") = "MyBlog", "MyBlog.csproj", "{D60B7973-3CDC-4B9F-9451-0C7CDA997926}"
EndProject
Global
	GlobalSection(SolutionConfigurationPlatforms) = preSolution
		Debug|Any CPU = Debug|Any CPU
		Release|Any CPU = Release|Any CPU
	EndGlobalSection
	GlobalSection(ProjectConfigurationPlatforms) = postSolution
		{D60B7973-3CDC-4B9F-9451-0C7CDA997926}.Debug|Any CPU.ActiveCfg = Debug|Any CPU
		{D60B7973-3CDC-4B9F-9451-0C7CDA997926}.Debug|Any CPU.Build.0 = Debug|Any CPU
		{D60B7973-3CDC-4B9F-9451-0C7CDA997926}.Release|Any CPU.ActiveCfg = Release|Any CPU
		{D60B7973-3CDC-4B9F-9451-0C7CDA997926}.Release|Any CPU.Build.0 = Release|Any CPU
	EndGlobalSection
	GlobalSection(SolutionProperties) = preSolution
		HideSolutionNode = FALSE
	EndGlobalSection
	GlobalSection(ExtensibilityGlobals) = postSolution
		SolutionGuid = {9A207F05-7D8D-43F9-8075-7E90D42EA79C}
	EndGlobalSection
EndGlobal
